fyne.io/fyne/v2 v2.6.2-0.20250928194716-af93936fca00 h1:JIY5abv6O1ry7b4TwzsWqhTxHZaJFawknDQO8ruzLV0=
fyne.io/fyne/v2 v2.6.2-0.20250928194716-af93936fca00/go.mod h1:xClVlrhxl7D+LT+BWYmcrW4Nf+dJTvkhnPgji7spAwE=
fyne.io/fyne/v2 v2.6.3 h1:cvtM2KHeRuH+WhtHiA63z5wJVBkQ9+Ay0UMl9PxFHyA=
fyne.io/fyne/v2 v2.6.3/go.mod h1:NGSurpRElVoI1G3h+ab2df3O5KLGh1CGbsMMcX0bPIs=
